<?xml version="1.0" encoding="utf-8"?>
<Project ToolsVersion="4.0" xmlns="http://schemas.microsoft.com/developer/msbuild/2003">
  <ItemGroup>
    <Filter Include="Source Files">
      <UniqueIdentifier>{4FC737F1-C7A5-4376-A066-2A32D752A2FF}</UniqueIdentifier>
      <Extensions>cpp;c;cc;cxx;def;odl;idl;hpj;bat;asm;asmx</Extensions>
    </Filter>
    <Filter Include="Header Files">
      <UniqueIdentifier>{93995380-89BD-4b04-88EB-625FBE52EBFB}</UniqueIdentifier>
      <Extensions>h;hh;hpp;hxx;hm;inl;inc;ipp;xsd</Extensions>
    </Filter>
    <Filter Include="Resource Files">
      <UniqueIdentifier>{67DA6AB6-F800-4c08-8B7A-83BB121AAD01}</UniqueIdentifier>
      <Extensions>rc;ico;cur;bmp;dlg;rc2;rct;bin;rgs;gif;jpg;jpeg;jpe;resx;tiff;tif;png;wav;mfcribbon-ms</Extensions>
    </Filter>
    <Filter Include="Header Files\Console">
      <UniqueIdentifier>{256d796f-fb36-433b-ab42-806b5c686abc}</UniqueIdentifier>
    </Filter>
    <Filter Include="Header Files\Game">
      <UniqueIdentifier>{7445e3f2-a524-4ef6-bda1-6979ebee947c}</UniqueIdentifier>
    </Filter>
    <Filter Include="Header Files\People">
      <UniqueIdentifier>{97376ad1-40c8-459c-8757-9049be1cb470}</UniqueIdentifier>
    </Filter>
    <Filter Include="Header Files\Cars">
      <UniqueIdentifier>{93a6c5aa-6a76-42e9-85a8-592911984a60}</UniqueIdentifier>
    </Filter>
    <Filter Include="Header Files\Data">
      <UniqueIdentifier>{6aaa1eaf-76a0-4d1e-959e-20f945fe2acd}</UniqueIdentifier>
    </Filter>
    <Filter Include="Header Files\Menu">
      <UniqueIdentifier>{0f8545c5-6b3b-43c6-9cff-9a7266840f51}</UniqueIdentifier>
    </Filter>
  </ItemGroup>
  <ItemGroup>
    <ClCompile Include="Source.cpp">
      <Filter>Source Files</Filter>
    </ClCompile>
    <ClCompile Include="Console.cpp">
      <Filter>Header Files\Console</Filter>
    </ClCompile>
    <ClCompile Include="Game.cpp">
      <Filter>Header Files\Game</Filter>
    </ClCompile>
    <ClCompile Include="People.cpp">
      <Filter>Header Files\People</Filter>
    </ClCompile>
    <ClCompile Include="Cars.cpp">
      <Filter>Header Files\Cars</Filter>
    </ClCompile>
    <ClCompile Include="Data.cpp">
      <Filter>Header Files\Data</Filter>
    </ClCompile>
    <ClCompile Include="Menu.cpp">
      <Filter>Header Files\Menu</Filter>
    </ClCompile>
  </ItemGroup>
  <ItemGroup>
    <ClInclude Include="Console.h">
      <Filter>Header Files\Console</Filter>
    </ClInclude>
    <ClInclude Include="Game.h">
      <Filter>Header Files\Game</Filter>
    </ClInclude>
    <ClInclude Include="People.h">
      <Filter>Header Files\People</Filter>
    </ClInclude>
    <ClInclude Include="Cars.h">
      <Filter>Header Files\Cars</Filter>
    </ClInclude>
    <ClInclude Include="Data.h">
      <Filter>Header Files\Data</Filter>
    </ClInclude>
    <ClInclude Include="Menu.h">
      <Filter>Header Files\Menu</Filter>
    </ClInclude>
  </ItemGroup>
</Project>